
Microsoft Visual Studio Solution File, Format Version 12.00
# Visual Studio Version 17
VisualStudioVersion = 17.3.32922.545
MinimumVisualStudioVersion = 10.0.40219.1
Project("{9A19103F-16F7-4668-BE54-9A1E7A4F7556}") = "NumberSystem2", "NumberSystem2.csproj", "{AA8494AA-4B0C-4BCA-A040-09E37D5A049C}"
EndProject
Project("{FAE04EC0-301F-11D3-BF4B-00C04F79EFBC}") = "NumberSystem2Tests", "..\NumberSystem2Tests\NumberSystem2Tests.csproj", "{9BA43FAF-6112-4A60-878F-64FA9F9A5426}"
EndProject
Global
	GlobalSection(SolutionConfigurationPlatforms) = preSolution
		Debug|Any CPU = Debug|Any CPU
		Release|Any CPU = Release|Any CPU
	EndGlobalSection
	GlobalSection(ProjectConfigurationPlatforms) = postSolution
		{AA8494AA-4B0C-4BCA-A040-09E37D5A049C}.Debug|Any CPU.ActiveCfg = Debug|Any CPU
		{AA8494AA-4B0C-4BCA-A040-09E37D5A049C}.Debug|Any CPU.Build.0 = Debug|Any CPU
		{AA8494AA-4B0C-4BCA-A040-09E37D5A049C}.Release|Any CPU.ActiveCfg = Release|Any CPU
		{AA8494AA-4B0C-4BCA-A040-09E37D5A049C}.Release|Any CPU.Build.0 = Release|Any CPU
		{9BA43FAF-6112-4A60-878F-64FA9F9A5426}.Debug|Any CPU.ActiveCfg = Debug|Any CPU
		{9BA43FAF-6112-4A60-878F-64FA9F9A5426}.Debug|Any CPU.Build.0 = Debug|Any CPU
		{9BA43FAF-6112-4A60-878F-64FA9F9A5426}.Release|Any CPU.ActiveCfg = Release|Any CPU
		{9BA43FAF-6112-4A60-878F-64FA9F9A5426}.Release|Any CPU.Build.0 = Release|Any CPU
	EndGlobalSection
	GlobalSection(SolutionProperties) = preSolution
		HideSolutionNode = FALSE
	EndGlobalSection
	GlobalSection(ExtensibilityGlobals) = postSolution
		SolutionGuid = {3759DA8D-F3E7-4911-9F26-D1D736AE7FD5}
	EndGlobalSection
EndGlobal
